github.com/gorilla/mux v1.8.1 h1:TuBL49tXwgrFYWhqrNgrUNEY92u81SPhu7sTdzQEiWY=
github.com/gorilla/mux v1.8.1/go.mod h1:AKf9I4AEqPTmMytcMc0KkNouC66V3BtZ4qD5fmWSiMQ=
github.com/lisekar/mathmodpublic v0.1.1 h1:elnOgmNhmVlSSJm5eEVTR5Us8siF3e5LpwMasfQW+fk=
github.com/lisekar/mathmodpublic v0.1.1/go.mod h1:Ctvg1dC9TF4pV9w0TC4LuEe454VFadPTUqbCc8xGXgQ=
